// !$*UTF8*$!
{
	archiveVersion = 1;
	classes = {
	};
	objectVersion = 56;
	objects = {

/* Begin PBXBuildFile section */
		C45D4D412BAB2C4500A1260E /* NotesDataBase.swift in Sources */ = {isa = PBXBuildFile; fileRef = C45D4D402BAB2C4500A1260E /* NotesDataBase.swift */; };
		C45D4D442BAB3B0C00A1260E /* CreateNoteUseCase.swift in Sources */ = {isa = PBXBuildFile; fileRef = C45D4D432BAB3B0C00A1260E /* CreateNoteUseCase.swift */; };
		C45D4D462BAB3D6A00A1260E /* FetchAllNotesUseCase.swift in Sources */ = {isa = PBXBuildFile; fileRef = C45D4D452BAB3D6A00A1260E /* FetchAllNotesUseCase.swift */; };
		C45D4D482BAB476E00A1260E /* ViewModelIntegrationTests.swift in Sources */ = {isa = PBXBuildFile; fileRef = C45D4D472BAB476E00A1260E /* ViewModelIntegrationTests.swift */; };
		C49928E12BAC78F5002F7465 /* UpdateNoteUseCase.swift in Sources */ = {isa = PBXBuildFile; fileRef = C49928E02BAC78F5002F7465 /* UpdateNoteUseCase.swift */; };
		C4A28AAE2BADEDFD0091F606 /* Notes_swiftuiUITests.swift in Sources */ = {isa = PBXBuildFile; fileRef = C4A28AAD2BADEDFD0091F606 /* Notes_swiftuiUITests.swift */; };
		C4AB9CC62BAD99E500C8089D /* RemoveNoteUseCase.swift in Sources */ = {isa = PBXBuildFile; fileRef = C4AB9CC52BAD99E500C8089D /* RemoveNoteUseCase.swift */; };
		C4AB9CC82BAD9CB700C8089D /* Mocks.swift in Sources */ = {isa = PBXBuildFile; fileRef = C4AB9CC72BAD9CB700C8089D /* Mocks.swift */; };
		C4AB9CCC2BADDD7700C8089D /* InlineSnapshotTesting in Frameworks */ = {isa = PBXBuildFile; productRef = C4AB9CCB2BADDD7700C8089D /* InlineSnapshotTesting */; };
		C4AB9CCE2BADDD7700C8089D /* SnapshotTesting in Frameworks */ = {isa = PBXBuildFile; productRef = C4AB9CCD2BADDD7700C8089D /* SnapshotTesting */; };
		C4AB9CD02BADDEA400C8089D /* CreateNoteViewSnapshotTest.swift in Sources */ = {isa = PBXBuildFile; fileRef = C4AB9CCF2BADDEA400C8089D /* CreateNoteViewSnapshotTest.swift */; };
		C4DD99522BA9A376002B766D /* Notes_swiftuiApp.swift in Sources */ = {isa = PBXBuildFile; fileRef = C4DD99512BA9A376002B766D /* Notes_swiftuiApp.swift */; };
		C4DD99542BA9A376002B766D /* ContentView.swift in Sources */ = {isa = PBXBuildFile; fileRef = C4DD99532BA9A376002B766D /* ContentView.swift */; };
		C4DD99582BA9A377002B766D /* Assets.xcassets in Resources */ = {isa = PBXBuildFile; fileRef = C4DD99572BA9A377002B766D /* Assets.xcassets */; };
		C4DD995B2BA9A377002B766D /* Preview Assets.xcassets in Resources */ = {isa = PBXBuildFile; fileRef = C4DD995A2BA9A377002B766D /* Preview Assets.xcassets */; };
		C4DD99622BA9AC5F002B766D /* NoteModel.swift in Sources */ = {isa = PBXBuildFile; fileRef = C4DD99612BA9AC5F002B766D /* NoteModel.swift */; };
		C4DD99652BA9AE33002B766D /* ViewModel.swift in Sources */ = {isa = PBXBuildFile; fileRef = C4DD99642BA9AE33002B766D /* ViewModel.swift */; };
		C4DD99672BA9BC14002B766D /* CreateNoteView.swift in Sources */ = {isa = PBXBuildFile; fileRef = C4DD99662BA9BC14002B766D /* CreateNoteView.swift */; };
		C4DD99692BA9E191002B766D /* UpdateNoteView.swift in Sources */ = {isa = PBXBuildFile; fileRef = C4DD99682BA9E191002B766D /* UpdateNoteView.swift */; };
		C4DD99722BA9EC2D002B766D /* NoteTest.swift in Sources */ = {isa = PBXBuildFile; fileRef = C4DD99712BA9EC2D002B766D /* NoteTest.swift */; };
		C4DD99792BA9F6B8002B766D /* ViewModelTests.swift in Sources */ = {isa = PBXBuildFile; fileRef = C4DD99782BA9F6B8002B766D /* ViewModelTests.swift */; };
/* End PBXBuildFile section */

/* Begin PBXContainerItemProxy section */
		C4A28AB12BADEDFD0091F606 /* PBXContainerItemProxy */ = {
			isa = PBXContainerItemProxy;
			containerPortal = C4DD99462BA9A376002B766D /* Project object */;
			proxyType = 1;
			remoteGlobalIDString = C4DD994D2BA9A376002B766D;
			remoteInfo = "Notes-swiftui";
		};
		C4DD99732BA9EC2D002B766D /* PBXContainerItemProxy */ = {
			isa = PBXContainerItemProxy;
			containerPortal = C4DD99462BA9A376002B766D /* Project object */;
			proxyType = 1;
			remoteGlobalIDString = C4DD994D2BA9A376002B766D;
			remoteInfo = "Notes-swiftui";
		};
/* End PBXContainerItemProxy section */

/* Begin PBXFileReference section */
		C45D4D402BAB2C4500A1260E /* NotesDataBase.swift */ = {isa = PBXFileReference; lastKnownFileType = sourcecode.swift; path = NotesDataBase.swift; sourceTree = "<group>"; };
		C45D4D432BAB3B0C00A1260E /* CreateNoteUseCase.swift */ = {isa = PBXFileReference; lastKnownFileType = sourcecode.swift; path = CreateNoteUseCase.swift; sourceTree = "<group>"; };
		C45D4D452BAB3D6A00A1260E /* FetchAllNotesUseCase.swift */ = {isa = PBXFileReference; lastKnownFileType = sourcecode.swift; path = FetchAllNotesUseCase.swift; sourceTree = "<group>"; };
		C45D4D472BAB476E00A1260E /* ViewModelIntegrationTests.swift */ = {isa = PBXFileReference; lastKnownFileType = sourcecode.swift; path = ViewModelIntegrationTests.swift; sourceTree = "<group>"; };
		C49928E02BAC78F5002F7465 /* UpdateNoteUseCase.swift */ = {isa = PBXFileReference; lastKnownFileType = sourcecode.swift; path = UpdateNoteUseCase.swift; sourceTree = "<group>"; };
		C4A28AAB2BADEDFD0091F606 /* Notes-swiftuiUITests.xctest */ = {isa = PBXFileReference; explicitFileType = wrapper.cfbundle; includeInIndex = 0; path = "Notes-swiftuiUITests.xctest"; sourceTree = BUILT_PRODUCTS_DIR; };
		C4A28AAD2BADEDFD0091F606 /* Notes_swiftuiUITests.swift */ = {isa = PBXFileReference; lastKnownFileType = sourcecode.swift; path = Notes_swiftuiUITests.swift; sourceTree = "<group>"; };
		C4AB9CC52BAD99E500C8089D /* RemoveNoteUseCase.swift */ = {isa = PBXFileReference; lastKnownFileType = sourcecode.swift; path = RemoveNoteUseCase.swift; sourceTree = "<group>"; };
		C4AB9CC72BAD9CB700C8089D /* Mocks.swift */ = {isa = PBXFileReference; lastKnownFileType = sourcecode.swift; path = Mocks.swift; sourceTree = "<group>"; };
		C4AB9CCF2BADDEA400C8089D /* CreateNoteViewSnapshotTest.swift */ = {isa = PBXFileReference; lastKnownFileType = sourcecode.swift; path = CreateNoteViewSnapshotTest.swift; sourceTree = "<group>"; };
		C4DD994E2BA9A376002B766D /* Notes-swiftui.app */ = {isa = PBXFileReference; explicitFileType = wrapper.application; includeInIndex = 0; path = "Notes-swiftui.app"; sourceTree = BUILT_PRODUCTS_DIR; };
		C4DD99512BA9A376002B766D /* Notes_swiftuiApp.swift */ = {isa = PBXFileReference; lastKnownFileType = sourcecode.swift; path = Notes_swiftuiApp.swift; sourceTree = "<group>"; };
		C4DD99532BA9A376002B766D /* ContentView.swift */ = {isa = PBXFileReference; lastKnownFileType = sourcecode.swift; path = ContentView.swift; sourceTree = "<group>"; };
		C4DD99572BA9A377002B766D /* Assets.xcassets */ = {isa = PBXFileReference; lastKnownFileType = folder.assetcatalog; path = Assets.xcassets; sourceTree = "<group>"; };
		C4DD995A2BA9A377002B766D /* Preview Assets.xcassets */ = {isa = PBXFileReference; lastKnownFileType = folder.assetcatalog; path = "Preview Assets.xcassets"; sourceTree = "<group>"; };
		C4DD99612BA9AC5F002B766D /* NoteModel.swift */ = {isa = PBXFileReference; lastKnownFileType = sourcecode.swift; path = NoteModel.swift; sourceTree = "<group>"; };
		C4DD99642BA9AE33002B766D /* ViewModel.swift */ = {isa = PBXFileReference; lastKnownFileType = sourcecode.swift; path = ViewModel.swift; sourceTree = "<group>"; };
		C4DD99662BA9BC14002B766D /* CreateNoteView.swift */ = {isa = PBXFileReference; lastKnownFileType = sourcecode.swift; path = CreateNoteView.swift; sourceTree = "<group>"; };
		C4DD99682BA9E191002B766D /* UpdateNoteView.swift */ = {isa = PBXFileReference; lastKnownFileType = sourcecode.swift; path = UpdateNoteView.swift; sourceTree = "<group>"; };
		C4DD996F2BA9EC2D002B766D /* NotesTests.xctest */ = {isa = PBXFileReference; explicitFileType = wrapper.cfbundle; includeInIndex = 0; path = NotesTests.xctest; sourceTree = BUILT_PRODUCTS_DIR; };
		C4DD99712BA9EC2D002B766D /* NoteTest.swift */ = {isa = PBXFileReference; lastKnownFileType = sourcecode.swift; path = NoteTest.swift; sourceTree = "<group>"; };
		C4DD99782BA9F6B8002B766D /* ViewModelTests.swift */ = {isa = PBXFileReference; lastKnownFileType = sourcecode.swift; path = ViewModelTests.swift; sourceTree = "<group>"; };
/* End PBXFileReference section */

/* Begin PBXFrameworksBuildPhase section */
		C4A28AA82BADEDFD0091F606 /* Frameworks */ = {
			isa = PBXFrameworksBuildPhase;
			buildActionMask = 2147483647;
			files = (
			);
			runOnlyForDeploymentPostprocessing = 0;
		};
		C4DD994B2BA9A376002B766D /* Frameworks */ = {
			isa = PBXFrameworksBuildPhase;
			buildActionMask = 2147483647;
			files = (
			);
			runOnlyForDeploymentPostprocessing = 0;
		};
		C4DD996C2BA9EC2D002B766D /* Frameworks */ = {
			isa = PBXFrameworksBuildPhase;
			buildActionMask = 2147483647;
			files = (
				C4AB9CCC2BADDD7700C8089D /* InlineSnapshotTesting in Frameworks */,
				C4AB9CCE2BADDD7700C8089D /* SnapshotTesting in Frameworks */,
			);
			runOnlyForDeploymentPostprocessing = 0;
		};
/* End PBXFrameworksBuildPhase section */

/* Begin PBXGroup section */
		C45D4D422BAB2C6000A1260E /* ViewModel */ = {
			isa = PBXGroup;
			children = (
				C4DD99642BA9AE33002B766D /* ViewModel.swift */,
			);
			path = ViewModel;
			sourceTree = "<group>";
		};
		C4A28AAC2BADEDFD0091F606 /* Notes-swiftuiUITests */ = {
			isa = PBXGroup;
			children = (
				C4A28AAD2BADEDFD0091F606 /* Notes_swiftuiUITests.swift */,
			);
			path = "Notes-swiftuiUITests";
			sourceTree = "<group>";
		};
		C4AB9CC42BAD8BCF00C8089D /* UseCases */ = {
			isa = PBXGroup;
			children = (
				C45D4D432BAB3B0C00A1260E /* CreateNoteUseCase.swift */,
				C45D4D452BAB3D6A00A1260E /* FetchAllNotesUseCase.swift */,
				C49928E02BAC78F5002F7465 /* UpdateNoteUseCase.swift */,
				C4AB9CC52BAD99E500C8089D /* RemoveNoteUseCase.swift */,
			);
			path = UseCases;
			sourceTree = "<group>";
		};
		C4AB9CC92BAD9CC000C8089D /* Mocks */ = {
			isa = PBXGroup;
			children = (
				C4AB9CC72BAD9CB700C8089D /* Mocks.swift */,
			);
			path = Mocks;
			sourceTree = "<group>";
		};
		C4AB9CD12BADDEDF00C8089D /* Unit Tests */ = {
			isa = PBXGroup;
			children = (
				C4DD99712BA9EC2D002B766D /* NoteTest.swift */,
				C4DD99782BA9F6B8002B766D /* ViewModelTests.swift */,
			);
			path = "Unit Tests";
			sourceTree = "<group>";
		};
		C4AB9CD22BADDEEC00C8089D /* Integration Tests */ = {
			isa = PBXGroup;
			children = (
				C45D4D472BAB476E00A1260E /* ViewModelIntegrationTests.swift */,
			);
			path = "Integration Tests";
			sourceTree = "<group>";
		};
		C4AB9CD32BADDF2800C8089D /* Snapshot Tests */ = {
			isa = PBXGroup;
			children = (
				C4AB9CCF2BADDEA400C8089D /* CreateNoteViewSnapshotTest.swift */,
			);
			path = "Snapshot Tests";
			sourceTree = "<group>";
		};
		C4DD99452BA9A376002B766D = {
			isa = PBXGroup;
			children = (
				C4DD99502BA9A376002B766D /* Notes-swiftui */,
				C4DD99702BA9EC2D002B766D /* NotesTests */,
				C4A28AAC2BADEDFD0091F606 /* Notes-swiftuiUITests */,
				C4DD994F2BA9A376002B766D /* Products */,
			);
			sourceTree = "<group>";
		};
		C4DD994F2BA9A376002B766D /* Products */ = {
			isa = PBXGroup;
			children = (
				C4DD994E2BA9A376002B766D /* Notes-swiftui.app */,
				C4DD996F2BA9EC2D002B766D /* NotesTests.xctest */,
				C4A28AAB2BADEDFD0091F606 /* Notes-swiftuiUITests.xctest */,
			);
			name = Products;
			sourceTree = "<group>";
		};
		C4DD99502BA9A376002B766D /* Notes-swiftui */ = {
			isa = PBXGroup;
			children = (
				C4DD99592BA9A377002B766D /* Preview Content */,
				C4DD99572BA9A377002B766D /* Assets.xcassets */,
				C4DD99512BA9A376002B766D /* Notes_swiftuiApp.swift */,
				C4DD996A2BA9E6A9002B766D /* Views */,
				C45D4D422BAB2C6000A1260E /* ViewModel */,
				C4AB9CC42BAD8BCF00C8089D /* UseCases */,
				C4DD99632BA9ADF2002B766D /* Model */,
				C45D4D402BAB2C4500A1260E /* NotesDataBase.swift */,
			);
			path = "Notes-swiftui";
			sourceTree = "<group>";
		};
		C4DD99592BA9A377002B766D /* Preview Content */ = {
			isa = PBXGroup;
			children = (
				C4DD995A2BA9A377002B766D /* Preview Assets.xcassets */,
			);
			path = "Preview Content";
			sourceTree = "<group>";
		};
		C4DD99632BA9ADF2002B766D /* Model */ = {
			isa = PBXGroup;
			children = (
				C4DD99612BA9AC5F002B766D /* NoteModel.swift */,
			);
			path = Model;
			sourceTree = "<group>";
		};
		C4DD996A2BA9E6A9002B766D /* Views */ = {
			isa = PBXGroup;
			children = (
				C4DD99532BA9A376002B766D /* ContentView.swift */,
				C4DD99662BA9BC14002B766D /* CreateNoteView.swift */,
				C4DD99682BA9E191002B766D /* UpdateNoteView.swift */,
			);
			path = Views;
			sourceTree = "<group>";
		};
		C4DD99702BA9EC2D002B766D /* NotesTests */ = {
			isa = PBXGroup;
			children = (
				C4AB9CD12BADDEDF00C8089D /* Unit Tests */,
				C4AB9CD22BADDEEC00C8089D /* Integration Tests */,
				C4AB9CD32BADDF2800C8089D /* Snapshot Tests */,
				C4AB9CC92BAD9CC000C8089D /* Mocks */,
			);
			path = NotesTests;
			sourceTree = "<group>";
		};
/* End PBXGroup section */

/* Begin PBXNativeTarget section */
		C4A28AAA2BADEDFD0091F606 /* Notes-swiftuiUITests */ = {
			isa = PBXNativeTarget;
			buildConfigurationList = C4A28AB32BADEDFD0091F606 /* Build configuration list for PBXNativeTarget "Notes-swiftuiUITests" */;
			buildPhases = (
				C4A28AA72BADEDFD0091F606 /* Sources */,
				C4A28AA82BADEDFD0091F606 /* Frameworks */,
				C4A28AA92BADEDFD0091F606 /* Resources */,
			);
			buildRules = (
			);
			dependencies = (
				C4A28AB22BADEDFD0091F606 /* PBXTargetDependency */,
			);
			name = "Notes-swiftuiUITests";
			productName = "Notes-swiftuiUITests";
			productReference = C4A28AAB2BADEDFD0091F606 /* Notes-swiftuiUITests.xctest */;
			productType = "com.apple.product-type.bundle.ui-testing";
		};
		C4DD994D2BA9A376002B766D /* Notes-swiftui */ = {
			isa = PBXNativeTarget;
			buildConfigurationList = C4DD995E2BA9A377002B766D /* Build configuration list for PBXNativeTarget "Notes-swiftui" */;
			buildPhases = (
				C4DD994A2BA9A376002B766D /* Sources */,
				C4DD994B2BA9A376002B766D /* Frameworks */,
				C4DD994C2BA9A376002B766D /* Resources */,
			);
			buildRules = (
			);
			dependencies = (
			);
			name = "Notes-swiftui";
			productName = "Notes-swiftui";
			productReference = C4DD994E2BA9A376002B766D /* Notes-swiftui.app */;
			productType = "com.apple.product-type.application";
		};
		C4DD996E2BA9EC2D002B766D /* NotesTests */ = {
			isa = PBXNativeTarget;
			buildConfigurationList = C4DD99772BA9EC2D002B766D /* Build configuration list for PBXNativeTarget "NotesTests" */;
			buildPhases = (
				C4DD996B2BA9EC2D002B766D /* Sources */,
				C4DD996C2BA9EC2D002B766D /* Frameworks */,
				C4DD996D2BA9EC2D002B766D /* Resources */,
			);
			buildRules = (
			);
			dependencies = (
				C4DD99742BA9EC2D002B766D /* PBXTargetDependency */,
			);
			name = NotesTests;
			packageProductDependencies = (
				C4AB9CCB2BADDD7700C8089D /* InlineSnapshotTesting */,
				C4AB9CCD2BADDD7700C8089D /* SnapshotTesting */,
			);
			productName = NotesTests;
			productReference = C4DD996F2BA9EC2D002B766D /* NotesTests.xctest */;
			productType = "com.apple.product-type.bundle.unit-test";
		};
/* End PBXNativeTarget section */

/* Begin PBXProject section */
		C4DD99462BA9A376002B766D /* Project object */ = {
			isa = PBXProject;
			attributes = {
				BuildIndependentTargetsInParallel = 1;
				LastSwiftUpdateCheck = 1530;
				LastUpgradeCheck = 1530;
				TargetAttributes = {
					C4A28AAA2BADEDFD0091F606 = {
						CreatedOnToolsVersion = 15.3;
						TestTargetID = C4DD994D2BA9A376002B766D;
					};
					C4DD994D2BA9A376002B766D = {
						CreatedOnToolsVersion = 15.3;
					};
					C4DD996E2BA9EC2D002B766D = {
						CreatedOnToolsVersion = 15.3;
						TestTargetID = C4DD994D2BA9A376002B766D;
					};
				};
			};
			buildConfigurationList = C4DD99492BA9A376002B766D /* Build configuration list for PBXProject "Notes-swiftui" */;
			compatibilityVersion = "Xcode 14.0";
			developmentRegion = en;
			hasScannedForEncodings = 0;
			knownRegions = (
				en,
				Base,
			);
			mainGroup = C4DD99452BA9A376002B766D;
			packageReferences = (
				C4AB9CCA2BADDD7700C8089D /* XCRemoteSwiftPackageReference "swift-snapshot-testing" */,
			);
			productRefGroup = C4DD994F2BA9A376002B766D /* Products */;
			projectDirPath = "";
			projectRoot = "";
			targets = (
				C4DD994D2BA9A376002B766D /* Notes-swiftui */,
				C4DD996E2BA9EC2D002B766D /* NotesTests */,
				C4A28AAA2BADEDFD0091F606 /* Notes-swiftuiUITests */,
			);
		};
/* End PBXProject section */

/* Begin PBXResourcesBuildPhase section */
		C4A28AA92BADEDFD0091F606 /* Resources */ = {
			isa = PBXResourcesBuildPhase;
			buildActionMask = 2147483647;
			files = (
			);
			runOnlyForDeploymentPostprocessing = 0;
		};
		C4DD994C2BA9A376002B766D /* Resources */ = {
			isa = PBXResourcesBuildPhase;
			buildActionMask = 2147483647;
			files = (
				C4DD995B2BA9A377002B766D /* Preview Assets.xcassets in Resources */,
				C4DD99582BA9A377002B766D /* Assets.xcassets in Resources */,
			);
			runOnlyForDeploymentPostprocessing = 0;
		};
		C4DD996D2BA9EC2D002B766D /* Resources */ = {
			isa = PBXResourcesBuildPhase;
			buildActionMask = 2147483647;
			files = (
			);
			runOnlyForDeploymentPostprocessing = 0;
		};
/* End PBXResourcesBuildPhase section */

/* Begin PBXSourcesBuildPhase section */
		C4A28AA72BADEDFD0091F606 /* Sources */ = {
			isa = PBXSourcesBuildPhase;
			buildActionMask = 2147483647;
			files = (
				C4A28AAE2BADEDFD0091F606 /* Notes_swiftuiUITests.swift in Sources */,
			);
			runOnlyForDeploymentPostprocessing = 0;
		};
		C4DD994A2BA9A376002B766D /* Sources */ = {
			isa = PBXSourcesBuildPhase;
			buildActionMask = 2147483647;
			files = (
				C4AB9CC62BAD99E500C8089D /* RemoveNoteUseCase.swift in Sources */,
				C45D4D412BAB2C4500A1260E /* NotesDataBase.swift in Sources */,
				C4DD99652BA9AE33002B766D /* ViewModel.swift in Sources */,
				C49928E12BAC78F5002F7465 /* UpdateNoteUseCase.swift in Sources */,
				C4DD99542BA9A376002B766D /* ContentView.swift in Sources */,
				C4DD99622BA9AC5F002B766D /* NoteModel.swift in Sources */,
				C4DD99692BA9E191002B766D /* UpdateNoteView.swift in Sources */,
				C45D4D442BAB3B0C00A1260E /* CreateNoteUseCase.swift in Sources */,
				C45D4D462BAB3D6A00A1260E /* FetchAllNotesUseCase.swift in Sources */,
				C4DD99672BA9BC14002B766D /* CreateNoteView.swift in Sources */,
				C4DD99522BA9A376002B766D /* Notes_swiftuiApp.swift in Sources */,
				C4AB9CC82BAD9CB700C8089D /* Mocks.swift in Sources */,
			);
			runOnlyForDeploymentPostprocessing = 0;
		};
		C4DD996B2BA9EC2D002B766D /* Sources */ = {
			isa = PBXSourcesBuildPhase;
			buildActionMask = 2147483647;
			files = (
				C4AB9CD02BADDEA400C8089D /* CreateNoteViewSnapshotTest.swift in Sources */,
				C4DD99792BA9F6B8002B766D /* ViewModelTests.swift in Sources */,
				C45D4D482BAB476E00A1260E /* ViewModelIntegrationTests.swift in Sources */,
				C4DD99722BA9EC2D002B766D /* NoteTest.swift in Sources */,
			);
			runOnlyForDeploymentPostprocessing = 0;
		};
/* End PBXSourcesBuildPhase section */

/* Begin PBXTargetDependency section */
		C4A28AB22BADEDFD0091F606 /* PBXTargetDependency */ = {
			isa = PBXTargetDependency;
			target = C4DD994D2BA9A376002B766D /* Notes-swiftui */;
			targetProxy = C4A28AB12BADEDFD0091F606 /* PBXContainerItemProxy */;
		};
		C4DD99742BA9EC2D002B766D /* PBXTargetDependency */ = {
			isa = PBXTargetDependency;
			target = C4DD994D2BA9A376002B766D /* Notes-swiftui */;
			targetProxy = C4DD99732BA9EC2D002B766D /* PBXContainerItemProxy */;
		};
/* End PBXTargetDependency section */

/* Begin XCBuildConfiguration section */
		C4A28AB42BADEDFD0091F606 /* Debug */ = {
			isa = XCBuildConfiguration;
			buildSettings = {
				CODE_SIGN_STYLE = Automatic;
				CURRENT_PROJECT_VERSION = 1;
				DEVELOPMENT_TEAM = 67VYH75QRG;
				GENERATE_INFOPLIST_FILE = YES;
				MARKETING_VERSION = 1.0;
				PRODUCT_BUNDLE_IDENTIFIER = "com.carlosmorgado.Notes-swiftuiUITests";
				PRODUCT_NAME = "$(TARGET_NAME)";
				SWIFT_EMIT_LOC_STRINGS = NO;
				SWIFT_VERSION = 5.0;
				TARGETED_DEVICE_FAMILY = "1,2";
				TEST_TARGET_NAME = "Notes-swiftui";
			};
			name = Debug;
		};
		C4A28AB52BADEDFD0091F606 /* Release */ = {
			isa = XCBuildConfiguration;
			buildSettings = {
				CODE_SIGN_STYLE = Automatic;
				CURRENT_PROJECT_VERSION = 1;
				DEVELOPMENT_TEAM = 67VYH75QRG;
				GENERATE_INFOPLIST_FILE = YES;
				MARKETING_VERSION = 1.0;
				PRODUCT_BUNDLE_IDENTIFIER = "com.carlosmorgado.Notes-swiftuiUITests";
				PRODUCT_NAME = "$(TARGET_NAME)";
				SWIFT_EMIT_LOC_STRINGS = NO;
				SWIFT_VERSION = 5.0;
				TARGETED_DEVICE_FAMILY = "1,2";
				TEST_TARGET_NAME = "Notes-swiftui";
			};
			name = Release;
		};
		C4DD995C2BA9A377002B766D /* Debug */ = {
			isa = XCBuildConfiguration;
			buildSettings = {
				ALWAYS_SEARCH_USER_PATHS = NO;
				ASSETCATALOG_COMPILER_GENERATE_SWIFT_ASSET_SYMBOL_EXTENSIONS = YES;
				CLANG_ANALYZER_NONNULL = YES;
				CLANG_ANALYZER_NUMBER_OBJECT_CONVERSION = YES_AGGRESSIVE;
				CLANG_CXX_LANGUAGE_STANDARD = "gnu++20";
				CLANG_ENABLE_MODULES = YES;
				CLANG_ENABLE_OBJC_ARC = YES;
				CLANG_ENABLE_OBJC_WEAK = YES;
				CLANG_WARN_BLOCK_CAPTURE_AUTORELEASING = YES;
				CLANG_WARN_BOOL_CONVERSION = YES;
				CLANG_WARN_COMMA = YES;
				CLANG_WARN_CONSTANT_CONVERSION = YES;
				CLANG_WARN_DEPRECATED_OBJC_IMPLEMENTATIONS = YES;
				CLANG_WARN_DIRECT_OBJC_ISA_USAGE = YES_ERROR;
				CLANG_WARN_DOCUMENTATION_COMMENTS = YES;
				CLANG_WARN_EMPTY_BODY = YES;
				CLANG_WARN_ENUM_CONVERSION = YES;
				CLANG_WARN_INFINITE_RECURSION = YES;
				CLANG_WARN_INT_CONVERSION = YES;
				CLANG_WARN_NON_LITERAL_NULL_CONVERSION = YES;
				CLANG_WARN_OBJC_IMPLICIT_RETAIN_SELF = YES;
				CLANG_WARN_OBJC_LITERAL_CONVERSION = YES;
				CLANG_WARN_OBJC_ROOT_CLASS = YES_ERROR;
				CLANG_WARN_QUOTED_INCLUDE_IN_FRAMEWORK_HEADER = YES;
				CLANG_WARN_RANGE_LOOP_ANALYSIS = YES;
				CLANG_WARN_STRICT_PROTOTYPES = YES;
				CLANG_WARN_SUSPICIOUS_MOVE = YES;
				CLANG_WARN_UNGUARDED_AVAILABILITY = YES_AGGRESSIVE;
				CLANG_WARN_UNREACHABLE_CODE = YES;
				CLANG_WARN__DUPLICATE_METHOD_MATCH = YES;
				COPY_PHASE_STRIP = NO;
				DEBUG_INFORMATION_FORMAT = dwarf;
				ENABLE_STRICT_OBJC_MSGSEND = YES;
				ENABLE_TESTABILITY = YES;
				ENABLE_USER_SCRIPT_SANDBOXING = YES;
				GCC_C_LANGUAGE_STANDARD = gnu17;
				GCC_DYNAMIC_NO_PIC = NO;
				GCC_NO_COMMON_BLOCKS = YES;
				GCC_OPTIMIZATION_LEVEL = 0;
				GCC_PREPROCESSOR_DEFINITIONS = (
					"DEBUG=1",
					"$(inherited)",
				);
				GCC_WARN_64_TO_32_BIT_CONVERSION = YES;
				GCC_WARN_ABOUT_RETURN_TYPE = YES_ERROR;
				GCC_WARN_UNDECLARED_SELECTOR = YES;
				GCC_WARN_UNINITIALIZED_AUTOS = YES_AGGRESSIVE;
				GCC_WARN_UNUSED_FUNCTION = YES;
				GCC_WARN_UNUSED_VARIABLE = YES;
				IPHONEOS_DEPLOYMENT_TARGET = 17.4;
				LOCALIZATION_PREFERS_STRING_CATALOGS = YES;
				MTL_ENABLE_DEBUG_INFO = INCLUDE_SOURCE;
				MTL_FAST_MATH = YES;
				ONLY_ACTIVE_ARCH = YES;
				SDKROOT = iphoneos;
				SWIFT_ACTIVE_COMPILATION_CONDITIONS = "DEBUG $(inherited)";
				SWIFT_OPTIMIZATION_LEVEL = "-Onone";
			};
			name = Debug;
		};
		C4DD995D2BA9A377002B766D /* Release */ = {
			isa = XCBuildConfiguration;
			buildSettings = {
				ALWAYS_SEARCH_USER_PATHS = NO;
				ASSETCATALOG_COMPILER_GENERATE_SWIFT_ASSET_SYMBOL_EXTENSIONS = YES;
				CLANG_ANALYZER_NONNULL = YES;
				CLANG_ANALYZER_NUMBER_OBJECT_CONVERSION = YES_AGGRESSIVE;
				CLANG_CXX_LANGUAGE_STANDARD = "gnu++20";
				CLANG_ENABLE_MODULES = YES;
				CLANG_ENABLE_OBJC_ARC = YES;
				CLANG_ENABLE_OBJC_WEAK = YES;
				CLANG_WARN_BLOCK_CAPTURE_AUTORELEASING = YES;
				CLANG_WARN_BOOL_CONVERSION = YES;
				CLANG_WARN_COMMA = YES;
				CLANG_WARN_CONSTANT_CONVERSION = YES;
				CLANG_WARN_DEPRECATED_OBJC_IMPLEMENTATIONS = YES;
				CLANG_WARN_DIRECT_OBJC_ISA_USAGE = YES_ERROR;
				CLANG_WARN_DOCUMENTATION_COMMENTS = YES;
				CLANG_WARN_EMPTY_BODY = YES;
				CLANG_WARN_ENUM_CONVERSION = YES;
				CLANG_WARN_INFINITE_RECURSION = YES;
				CLANG_WARN_INT_CONVERSION = YES;
				CLANG_WARN_NON_LITERAL_NULL_CONVERSION = YES;
				CLANG_WARN_OBJC_IMPLICIT_RETAIN_SELF = YES;
				CLANG_WARN_OBJC_LITERAL_CONVERSION = YES;
				CLANG_WARN_OBJC_ROOT_CLASS = YES_ERROR;
				CLANG_WARN_QUOTED_INCLUDE_IN_FRAMEWORK_HEADER = YES;
				CLANG_WARN_RANGE_LOOP_ANALYSIS = YES;
				CLANG_WARN_STRICT_PROTOTYPES = YES;
				CLANG_WARN_SUSPICIOUS_MOVE = YES;
				CLANG_WARN_UNGUARDED_AVAILABILITY = YES_AGGRESSIVE;
				CLANG_WARN_UNREACHABLE_CODE = YES;
				CLANG_WARN__DUPLICATE_METHOD_MATCH = YES;
				COPY_PHASE_STRIP = NO;
				DEBUG_INFORMATION_FORMAT = "dwarf-with-dsym";
				ENABLE_NS_ASSERTIONS = NO;
				ENABLE_STRICT_OBJC_MSGSEND = YES;
				ENABLE_USER_SCRIPT_SANDBOXING = YES;
				GCC_C_LANGUAGE_STANDARD = gnu17;
				GCC_NO_COMMON_BLOCKS = YES;
				GCC_WARN_64_TO_32_BIT_CONVERSION = YES;
				GCC_WARN_ABOUT_RETURN_TYPE = YES_ERROR;
				GCC_WARN_UNDECLARED_SELECTOR = YES;
				GCC_WARN_UNINITIALIZED_AUTOS = YES_AGGRESSIVE;
				GCC_WARN_UNUSED_FUNCTION = YES;
				GCC_WARN_UNUSED_VARIABLE = YES;
				IPHONEOS_DEPLOYMENT_TARGET = 17.4;
				LOCALIZATION_PREFERS_STRING_CATALOGS = YES;
				MTL_ENABLE_DEBUG_INFO = NO;
				MTL_FAST_MATH = YES;
				SDKROOT = iphoneos;
				SWIFT_COMPILATION_MODE = wholemodule;
				VALIDATE_PRODUCT = YES;
			};
			name = Release;
		};
		C4DD995F2BA9A377002B766D /* Debug */ = {
			isa = XCBuildConfiguration;
			buildSettings = {
				ASSETCATALOG_COMPILER_APPICON_NAME = AppIcon;
				ASSETCATALOG_COMPILER_GLOBAL_ACCENT_COLOR_NAME = AccentColor;
				CODE_SIGN_STYLE = Automatic;
				CURRENT_PROJECT_VERSION = 1;
				DEVELOPMENT_ASSET_PATHS = "\"Notes-swiftui/Preview Content\"";
				DEVELOPMENT_TEAM = 67VYH75QRG;
				ENABLE_PREVIEWS = YES;
				GENERATE_INFOPLIST_FILE = YES;
				INFOPLIST_KEY_UIApplicationSceneManifest_Generation = YES;
				INFOPLIST_KEY_UIApplicationSupportsIndirectInputEvents = YES;
				INFOPLIST_KEY_UILaunchScreen_Generation = YES;
				INFOPLIST_KEY_UISupportedInterfaceOrientations_iPad = "UIInterfaceOrientationPortrait UIInterfaceOrientationPortraitUpsideDown UIInterfaceOrientationLandscapeLeft UIInterfaceOrientationLandscapeRight";
				INFOPLIST_KEY_UISupportedInterfaceOrientations_iPhone = "UIInterfaceOrientationPortrait UIInterfaceOrientationLandscapeLeft UIInterfaceOrientationLandscapeRight";
				LD_RUNPATH_SEARCH_PATHS = (
					"$(inherited)",
					"@executable_path/Frameworks",
				);
				MARKETING_VERSION = 1.0;
				PRODUCT_BUNDLE_IDENTIFIER = "com.carlosmorgado.Notes-swiftui";
				PRODUCT_NAME = "$(TARGET_NAME)";
				SWIFT_EMIT_LOC_STRINGS = YES;
				SWIFT_VERSION = 5.0;
				TARGETED_DEVICE_FAMILY = "1,2";
			};
			name = Debug;
		};
		C4DD99602BA9A377002B766D /* Release */ = {
			isa = XCBuildConfiguration;
			buildSettings = {
				ASSETCATALOG_COMPILER_APPICON_NAME = AppIcon;
				ASSETCATALOG_COMPILER_GLOBAL_ACCENT_COLOR_NAME = AccentColor;
				CODE_SIGN_STYLE = Automatic;
				CURRENT_PROJECT_VERSION = 1;
				DEVELOPMENT_ASSET_PATHS = "\"Notes-swiftui/Preview Content\"";
				DEVELOPMENT_TEAM = 67VYH75QRG;
				ENABLE_PREVIEWS = YES;
				GENERATE_INFOPLIST_FILE = YES;
				INFOPLIST_KEY_UIApplicationSceneManifest_Generation = YES;
				INFOPLIST_KEY_UIApplicationSupportsIndirectInputEvents = YES;
				INFOPLIST_KEY_UILaunchScreen_Generation = YES;
				INFOPLIST_KEY_UISupportedInterfaceOrientations_iPad = "UIInterfaceOrientationPortrait UIInterfaceOrientationPortraitUpsideDown UIInterfaceOrientationLandscapeLeft UIInterfaceOrientationLandscapeRight";
				INFOPLIST_KEY_UISupportedInterfaceOrientations_iPhone = "UIInterfaceOrientationPortrait UIInterfaceOrientationLandscapeLeft UIInterfaceOrientationLandscapeRight";
				LD_RUNPATH_SEARCH_PATHS = (
					"$(inherited)",
					"@executable_path/Frameworks",
				);
				MARKETING_VERSION = 1.0;
				PRODUCT_BUNDLE_IDENTIFIER = "com.carlosmorgado.Notes-swiftui";
				PRODUCT_NAME = "$(TARGET_NAME)";
				SWIFT_EMIT_LOC_STRINGS = YES;
				SWIFT_VERSION = 5.0;
				TARGETED_DEVICE_FAMILY = "1,2";
			};
			name = Release;
		};
		C4DD99752BA9EC2D002B766D /* Debug */ = {
			isa = XCBuildConfiguration;
			buildSettings = {
				BUNDLE_LOADER = "$(TEST_HOST)";
				CODE_SIGN_STYLE = Automatic;
				CURRENT_PROJECT_VERSION = 1;
				DEVELOPMENT_TEAM = 67VYH75QRG;
				GENERATE_INFOPLIST_FILE = YES;
				MARKETING_VERSION = 1.0;
				PRODUCT_BUNDLE_IDENTIFIER = com.carlosmorgado.NotesTests;
				PRODUCT_NAME = "$(TARGET_NAME)";
				SWIFT_EMIT_LOC_STRINGS = NO;
				SWIFT_VERSION = 5.0;
				TARGETED_DEVICE_FAMILY = "1,2";
				TEST_HOST = "$(BUILT_PRODUCTS_DIR)/Notes-swiftui.app/$(BUNDLE_EXECUTABLE_FOLDER_PATH)/Notes-swiftui";
			};
			name = Debug;
		};
		C4DD99762BA9EC2D002B766D /* Release */ = {
			isa = XCBuildConfiguration;
			buildSettings = {
				BUNDLE_LOADER = "$(TEST_HOST)";
				CODE_SIGN_STYLE = Automatic;
				CURRENT_PROJECT_VERSION = 1;
				DEVELOPMENT_TEAM = 67VYH75QRG;
				GENERATE_INFOPLIST_FILE = YES;
				MARKETING_VERSION = 1.0;
				PRODUCT_BUNDLE_IDENTIFIER = com.carlosmorgado.NotesTests;
				PRODUCT_NAME = "$(TARGET_NAME)";
				SWIFT_EMIT_LOC_STRINGS = NO;
				SWIFT_VERSION = 5.0;
				TARGETED_DEVICE_FAMILY = "1,2";
				TEST_HOST = "$(BUILT_PRODUCTS_DIR)/Notes-swiftui.app/$(BUNDLE_EXECUTABLE_FOLDER_PATH)/Notes-swiftui";
			};
			name = Release;
		};
/* End XCBuildConfiguration section */

/* Begin XCConfigurationList section */
		C4A28AB32BADEDFD0091F606 /* Build configuration list for PBXNativeTarget "Notes-swiftuiUITests" */ = {
			isa = XCConfigurationList;
			buildConfigurations = (
				C4A28AB42BADEDFD0091F606 /* Debug */,
				C4A28AB52BADEDFD0091F606 /* Release */,
			);
			defaultConfigurationIsVisible = 0;
			defaultConfigurationName = Release;
		};
		C4DD99492BA9A376002B766D /* Build configuration list for PBXProject "Notes-swiftui" */ = {
			isa = XCConfigurationList;
			buildConfigurations = (
				C4DD995C2BA9A377002B766D /* Debug */,
				C4DD995D2BA9A377002B766D /* Release */,
			);
			defaultConfigurationIsVisible = 0;
			defaultConfigurationName = Release;
		};
		C4DD995E2BA9A377002B766D /* Build configuration list for PBXNativeTarget "Notes-swiftui" */ = {
			isa = XCConfigurationList;
			buildConfigurations = (
				C4DD995F2BA9A377002B766D /* Debug */,
				C4DD99602BA9A377002B766D /* Release */,
			);
			defaultConfigurationIsVisible = 0;
			defaultConfigurationName = Release;
		};
		C4DD99772BA9EC2D002B766D /* Build configuration list for PBXNativeTarget "NotesTests" */ = {
			isa = XCConfigurationList;
			buildConfigurations = (
				C4DD99752BA9EC2D002B766D /* Debug */,
				C4DD99762BA9EC2D002B766D /* Release */,
			);
			defaultConfigurationIsVisible = 0;
			defaultConfigurationName = Release;
		};
/* End XCConfigurationList section */

/* Begin XCRemoteSwiftPackageReference section */
		C4AB9CCA2BADDD7700C8089D /* XCRemoteSwiftPackageReference "swift-snapshot-testing" */ = {
			isa = XCRemoteSwiftPackageReference;
			repositoryURL = "https://github.com/pointfreeco/swift-snapshot-testing.git";
			requirement = {
				kind = upToNextMajorVersion;
				minimumVersion = 1.15.4;
			};
		};
/* End XCRemoteSwiftPackageReference section */

/* Begin XCSwiftPackageProductDependency section */
		C4AB9CCB2BADDD7700C8089D /* InlineSnapshotTesting */ = {
			isa = XCSwiftPackageProductDependency;
			package = C4AB9CCA2BADDD7700C8089D /* XCRemoteSwiftPackageReference "swift-snapshot-testing" */;
			productName = InlineSnapshotTesting;
		};
		C4AB9CCD2BADDD7700C8089D /* SnapshotTesting */ = {
			isa = XCSwiftPackageProductDependency;
			package = C4AB9CCA2BADDD7700C8089D /* XCRemoteSwiftPackageReference "swift-snapshot-testing" */;
			productName = SnapshotTesting;
		};
/* End XCSwiftPackageProductDependency section */
	};
	rootObject = C4DD99462BA9A376002B766D /* Project object */;
}
